// !$*UTF8*$!
{
	archiveVersion = 1;
	classes = {
	};
	objectVersion = 50;
	objects = {

/* Begin PBXBuildFile section */
		1501DDC92594A35400F74244 /* QuestionsView.swift in Sources */ = {isa = PBXBuildFile; fileRef = 1501DDC82594A35400F74244 /* QuestionsView.swift */; };
		1501DDCC2594A36400F74244 /* ResultView.swift in Sources */ = {isa = PBXBuildFile; fileRef = 1501DDCB2594A36400F74244 /* ResultView.swift */; };
		15E2369C25935FD600324C8A /* BuzzquizApp.swift in Sources */ = {isa = PBXBuildFile; fileRef = 15E2369B25935FD600324C8A /* BuzzquizApp.swift */; };
		15E2369E25935FD600324C8A /* ContentView.swift in Sources */ = {isa = PBXBuildFile; fileRef = 15E2369D25935FD600324C8A /* ContentView.swift */; };
		15E236A025935FD600324C8A /* Assets.xcassets in Resources */ = {isa = PBXBuildFile; fileRef = 15E2369F25935FD600324C8A /* Assets.xcassets */; };
		15E236A325935FD600324C8A /* Preview Assets.xcassets in Resources */ = {isa = PBXBuildFile; fileRef = 15E236A225935FD600324C8A /* Preview Assets.xcassets */; };
		15E961A92594EFEC00116103 /* ChooseQuizView.swift in Sources */ = {isa = PBXBuildFile; fileRef = 15E961A82594EFEC00116103 /* ChooseQuizView.swift */; };
		15E961AE2594F6C000116103 /* QuestionsModel.swift in Sources */ = {isa = PBXBuildFile; fileRef = 15E961AD2594F6C000116103 /* QuestionsModel.swift */; };
		15E961B425950B8900116103 /* Quizzes.swift in Sources */ = {isa = PBXBuildFile; fileRef = 15E961B325950B8900116103 /* Quizzes.swift */; };
		15E961BF25951BCA00116103 /* QuestionsViewSupport.swift in Sources */ = {isa = PBXBuildFile; fileRef = 15E961BE25951BCA00116103 /* QuestionsViewSupport.swift */; };
/* End PBXBuildFile section */

/* Begin PBXFileReference section */
		1501DDC82594A35400F74244 /* QuestionsView.swift */ = {isa = PBXFileReference; lastKnownFileType = sourcecode.swift; path = QuestionsView.swift; sourceTree = "<group>"; };
		1501DDCB2594A36400F74244 /* ResultView.swift */ = {isa = PBXFileReference; lastKnownFileType = sourcecode.swift; path = ResultView.swift; sourceTree = "<group>"; };
		15E2369825935FD600324C8A /* Buzzquiz.app */ = {isa = PBXFileReference; explicitFileType = wrapper.application; includeInIndex = 0; path = Buzzquiz.app; sourceTree = BUILT_PRODUCTS_DIR; };
		15E2369B25935FD600324C8A /* BuzzquizApp.swift */ = {isa = PBXFileReference; lastKnownFileType = sourcecode.swift; path = BuzzquizApp.swift; sourceTree = "<group>"; };
		15E2369D25935FD600324C8A /* ContentView.swift */ = {isa = PBXFileReference; lastKnownFileType = sourcecode.swift; path = ContentView.swift; sourceTree = "<group>"; };
		15E2369F25935FD600324C8A /* Assets.xcassets */ = {isa = PBXFileReference; lastKnownFileType = folder.assetcatalog; path = Assets.xcassets; sourceTree = "<group>"; };
		15E236A225935FD600324C8A /* Preview Assets.xcassets */ = {isa = PBXFileReference; lastKnownFileType = folder.assetcatalog; path = "Preview Assets.xcassets"; sourceTree = "<group>"; };
		15E236A425935FD600324C8A /* Info.plist */ = {isa = PBXFileReference; lastKnownFileType = text.plist.xml; path = Info.plist; sourceTree = "<group>"; };
		15E236A525935FD600324C8A /* Buzzquiz.entitlements */ = {isa = PBXFileReference; lastKnownFileType = text.plist.entitlements; path = Buzzquiz.entitlements; sourceTree = "<group>"; };
		15E961A82594EFEC00116103 /* ChooseQuizView.swift */ = {isa = PBXFileReference; lastKnownFileType = sourcecode.swift; path = ChooseQuizView.swift; sourceTree = "<group>"; };
		15E961AD2594F6C000116103 /* QuestionsModel.swift */ = {isa = PBXFileReference; lastKnownFileType = sourcecode.swift; path = QuestionsModel.swift; sourceTree = "<group>"; };
		15E961B325950B8900116103 /* Quizzes.swift */ = {isa = PBXFileReference; lastKnownFileType = sourcecode.swift; path = Quizzes.swift; sourceTree = "<group>"; };
		15E961BE25951BCA00116103 /* QuestionsViewSupport.swift */ = {isa = PBXFileReference; lastKnownFileType = sourcecode.swift; path = QuestionsViewSupport.swift; sourceTree = "<group>"; };
/* End PBXFileReference section */

/* Begin PBXFrameworksBuildPhase section */
		15E2369525935FD600324C8A /* Frameworks */ = {
			isa = PBXFrameworksBuildPhase;
			buildActionMask = 2147483647;
			files = (
			);
			runOnlyForDeploymentPostprocessing = 0;
		};
/* End PBXFrameworksBuildPhase section */

/* Begin PBXGroup section */
		15E2368F25935FD600324C8A = {
			isa = PBXGroup;
			children = (
				15E2369A25935FD600324C8A /* Buzzquiz */,
				15E2369925935FD600324C8A /* Products */,
			);
			sourceTree = "<group>";
		};
		15E2369925935FD600324C8A /* Products */ = {
			isa = PBXGroup;
			children = (
				15E2369825935FD600324C8A /* Buzzquiz.app */,
			);
			name = Products;
			sourceTree = "<group>";
		};
		15E2369A25935FD600324C8A /* Buzzquiz */ = {
			isa = PBXGroup;
			children = (
				15E2369B25935FD600324C8A /* BuzzquizApp.swift */,
				15E961A72594EFD500116103 /* Views */,
				15E961B325950B8900116103 /* Quizzes.swift */,
				15E961BE25951BCA00116103 /* QuestionsViewSupport.swift */,
				15E961AD2594F6C000116103 /* QuestionsModel.swift */,
				15E2369F25935FD600324C8A /* Assets.xcassets */,
				15E236A425935FD600324C8A /* Info.plist */,
				15E236A525935FD600324C8A /* Buzzquiz.entitlements */,
				15E236A125935FD600324C8A /* Preview Content */,
			);
			path = Buzzquiz;
			sourceTree = "<group>";
		};
		15E236A125935FD600324C8A /* Preview Content */ = {
			isa = PBXGroup;
			children = (
				15E236A225935FD600324C8A /* Preview Assets.xcassets */,
			);
			path = "Preview Content";
			sourceTree = "<group>";
		};
		15E961A72594EFD500116103 /* Views */ = {
			isa = PBXGroup;
			children = (
				15E2369D25935FD600324C8A /* ContentView.swift */,
				15E961A82594EFEC00116103 /* ChooseQuizView.swift */,
				1501DDC82594A35400F74244 /* QuestionsView.swift */,
				1501DDCB2594A36400F74244 /* ResultView.swift */,
			);
			name = Views;
			sourceTree = "<group>";
		};
/* End PBXGroup section */

/* Begin PBXNativeTarget section */
		15E2369725935FD600324C8A /* Buzzquiz */ = {
			isa = PBXNativeTarget;
			buildConfigurationList = 15E236A825935FD600324C8A /* Build configuration list for PBXNativeTarget "Buzzquiz" */;
			buildPhases = (
				15E2369425935FD600324C8A /* Sources */,
				15E2369525935FD600324C8A /* Frameworks */,
				15E2369625935FD600324C8A /* Resources */,
			);
			buildRules = (
			);
			dependencies = (
			);
			name = Buzzquiz;
			productName = Buzzquiz;
			productReference = 15E2369825935FD600324C8A /* Buzzquiz.app */;
			productType = "com.apple.product-type.application";
		};
/* End PBXNativeTarget section */

/* Begin PBXProject section */
		15E2369025935FD600324C8A /* Project object */ = {
			isa = PBXProject;
			attributes = {
				LastSwiftUpdateCheck = 1230;
				LastUpgradeCheck = 1230;
				TargetAttributes = {
					15E2369725935FD600324C8A = {
						CreatedOnToolsVersion = 12.3;
					};
				};
			};
			buildConfigurationList = 15E2369325935FD600324C8A /* Build configuration list for PBXProject "Buzzquiz" */;
			compatibilityVersion = "Xcode 9.3";
			developmentRegion = en;
			hasScannedForEncodings = 0;
			knownRegions = (
				en,
				Base,
			);
			mainGroup = 15E2368F25935FD600324C8A;
			productRefGroup = 15E2369925935FD600324C8A /* Products */;
			projectDirPath = "";
			projectRoot = "";
			targets = (
				15E2369725935FD600324C8A /* Buzzquiz */,
			);
		};
/* End PBXProject section */

/* Begin PBXResourcesBuildPhase section */
		15E2369625935FD600324C8A /* Resources */ = {
			isa = PBXResourcesBuildPhase;
			buildActionMask = 2147483647;
			files = (
				15E236A325935FD600324C8A /* Preview Assets.xcassets in Resources */,
				15E236A025935FD600324C8A /* Assets.xcassets in Resources */,
			);
			runOnlyForDeploymentPostprocessing = 0;
		};
/* End PBXResourcesBuildPhase section */

/* Begin PBXSourcesBuildPhase section */
		15E2369425935FD600324C8A /* Sources */ = {
			isa = PBXSourcesBuildPhase;
			buildActionMask = 2147483647;
			files = (
				15E961BF25951BCA00116103 /* QuestionsViewSupport.swift in Sources */,
				15E2369E25935FD600324C8A /* ContentView.swift in Sources */,
				1501DDCC2594A36400F74244 /* ResultView.swift in Sources */,
				15E2369C25935FD600324C8A /* BuzzquizApp.swift in Sources */,
				15E961AE2594F6C000116103 /* QuestionsModel.swift in Sources */,
				1501DDC92594A35400F74244 /* QuestionsView.swift in Sources */,
				15E961A92594EFEC00116103 /* ChooseQuizView.swift in Sources */,
				15E961B425950B8900116103 /* Quizzes.swift in Sources */,
			);
			runOnlyForDeploymentPostprocessing = 0;
		};
/* End PBXSourcesBuildPhase section */

/* Begin XCBuildConfiguration section */
		15E236A625935FD600324C8A /* Debug */ = {
			isa = XCBuildConfiguration;
			buildSettings = {
				ALWAYS_SEARCH_USER_PATHS = NO;
				CLANG_ANALYZER_NONNULL = YES;
				CLANG_ANALYZER_NUMBER_OBJECT_CONVERSION = YES_AGGRESSIVE;
				CLANG_CXX_LANGUAGE_STANDARD = "gnu++14";
				CLANG_CXX_LIBRARY = "libc++";
				CLANG_ENABLE_MODULES = YES;
				CLANG_ENABLE_OBJC_ARC = YES;
				CLANG_ENABLE_OBJC_WEAK = YES;
				CLANG_WARN_BLOCK_CAPTURE_AUTORELEASING = YES;
				CLANG_WARN_BOOL_CONVERSION = YES;
				CLANG_WARN_COMMA = YES;
				CLANG_WARN_CONSTANT_CONVERSION = YES;
				CLANG_WARN_DEPRECATED_OBJC_IMPLEMENTATIONS = YES;
				CLANG_WARN_DIRECT_OBJC_ISA_USAGE = YES_ERROR;
				CLANG_WARN_DOCUMENTATION_COMMENTS = YES;
				CLANG_WARN_EMPTY_BODY = YES;
				CLANG_WARN_ENUM_CONVERSION = YES;
				CLANG_WARN_INFINITE_RECURSION = YES;
				CLANG_WARN_INT_CONVERSION = YES;
				CLANG_WARN_NON_LITERAL_NULL_CONVERSION = YES;
				CLANG_WARN_OBJC_IMPLICIT_RETAIN_SELF = YES;
				CLANG_WARN_OBJC_LITERAL_CONVERSION = YES;
				CLANG_WARN_OBJC_ROOT_CLASS = YES_ERROR;
				CLANG_WARN_QUOTED_INCLUDE_IN_FRAMEWORK_HEADER = YES;
				CLANG_WARN_RANGE_LOOP_ANALYSIS = YES;
				CLANG_WARN_STRICT_PROTOTYPES = YES;
				CLANG_WARN_SUSPICIOUS_MOVE = YES;
				CLANG_WARN_UNGUARDED_AVAILABILITY = YES_AGGRESSIVE;
				CLANG_WARN_UNREACHABLE_CODE = YES;
				CLANG_WARN__DUPLICATE_METHOD_MATCH = YES;
				COPY_PHASE_STRIP = NO;
				DEBUG_INFORMATION_FORMAT = dwarf;
				ENABLE_STRICT_OBJC_MSGSEND = YES;
				ENABLE_TESTABILITY = YES;
				GCC_C_LANGUAGE_STANDARD = gnu11;
				GCC_DYNAMIC_NO_PIC = NO;
				GCC_NO_COMMON_BLOCKS = YES;
				GCC_OPTIMIZATION_LEVEL = 0;
				GCC_PREPROCESSOR_DEFINITIONS = (
					"DEBUG=1",
					"$(inherited)",
				);
				GCC_WARN_64_TO_32_BIT_CONVERSION = YES;
				GCC_WARN_ABOUT_RETURN_TYPE = YES_ERROR;
				GCC_WARN_UNDECLARED_SELECTOR = YES;
				GCC_WARN_UNINITIALIZED_AUTOS = YES_AGGRESSIVE;
				GCC_WARN_UNUSED_FUNCTION = YES;
				GCC_WARN_UNUSED_VARIABLE = YES;
				MACOSX_DEPLOYMENT_TARGET = 11.1;
				MTL_ENABLE_DEBUG_INFO = INCLUDE_SOURCE;
				MTL_FAST_MATH = YES;
				ONLY_ACTIVE_ARCH = YES;
				SDKROOT = macosx;
				SWIFT_ACTIVE_COMPILATION_CONDITIONS = DEBUG;
				SWIFT_OPTIMIZATION_LEVEL = "-Onone";
			};
			name = Debug;
		};
		15E236A725935FD600324C8A /* Release */ = {
			isa = XCBuildConfiguration;
			buildSettings = {
				ALWAYS_SEARCH_USER_PATHS = NO;
				CLANG_ANALYZER_NONNULL = YES;
				CLANG_ANALYZER_NUMBER_OBJECT_CONVERSION = YES_AGGRESSIVE;
				CLANG_CXX_LANGUAGE_STANDARD = "gnu++14";
				CLANG_CXX_LIBRARY = "libc++";
				CLANG_ENABLE_MODULES = YES;
				CLANG_ENABLE_OBJC_ARC = YES;
				CLANG_ENABLE_OBJC_WEAK = YES;
				CLANG_WARN_BLOCK_CAPTURE_AUTORELEASING = YES;
				CLANG_WARN_BOOL_CONVERSION = YES;
				CLANG_WARN_COMMA = YES;
				CLANG_WARN_CONSTANT_CONVERSION = YES;
				CLANG_WARN_DEPRECATED_OBJC_IMPLEMENTATIONS = YES;
				CLANG_WARN_DIRECT_OBJC_ISA_USAGE = YES_ERROR;
				CLANG_WARN_DOCUMENTATION_COMMENTS = YES;
				CLANG_WARN_EMPTY_BODY = YES;
				CLANG_WARN_ENUM_CONVERSION = YES;
				CLANG_WARN_INFINITE_RECURSION = YES;
				CLANG_WARN_INT_CONVERSION = YES;
				CLANG_WARN_NON_LITERAL_NULL_CONVERSION = YES;
				CLANG_WARN_OBJC_IMPLICIT_RETAIN_SELF = YES;
				CLANG_WARN_OBJC_LITERAL_CONVERSION = YES;
				CLANG_WARN_OBJC_ROOT_CLASS = YES_ERROR;
				CLANG_WARN_QUOTED_INCLUDE_IN_FRAMEWORK_HEADER = YES;
				CLANG_WARN_RANGE_LOOP_ANALYSIS = YES;
				CLANG_WARN_STRICT_PROTOTYPES = YES;
				CLANG_WARN_SUSPICIOUS_MOVE = YES;
				CLANG_WARN_UNGUARDED_AVAILABILITY = YES_AGGRESSIVE;
				CLANG_WARN_UNREACHABLE_CODE = YES;
				CLANG_WARN__DUPLICATE_METHOD_MATCH = YES;
				COPY_PHASE_STRIP = NO;
				DEBUG_INFORMATION_FORMAT = "dwarf-with-dsym";
				ENABLE_NS_ASSERTIONS = NO;
				ENABLE_STRICT_OBJC_MSGSEND = YES;
				GCC_C_LANGUAGE_STANDARD = gnu11;
				GCC_NO_COMMON_BLOCKS = YES;
				GCC_WARN_64_TO_32_BIT_CONVERSION = YES;
				GCC_WARN_ABOUT_RETURN_TYPE = YES_ERROR;
				GCC_WARN_UNDECLARED_SELECTOR = YES;
				GCC_WARN_UNINITIALIZED_AUTOS = YES_AGGRESSIVE;
				GCC_WARN_UNUSED_FUNCTION = YES;
				GCC_WARN_UNUSED_VARIABLE = YES;
				MACOSX_DEPLOYMENT_TARGET = 11.1;
				MTL_ENABLE_DEBUG_INFO = NO;
				MTL_FAST_MATH = YES;
				SDKROOT = macosx;
				SWIFT_COMPILATION_MODE = wholemodule;
				SWIFT_OPTIMIZATION_LEVEL = "-O";
			};
			name = Release;
		};
		15E236A925935FD600324C8A /* Debug */ = {
			isa = XCBuildConfiguration;
			buildSettings = {
				ASSETCATALOG_COMPILER_APPICON_NAME = AppIcon;
				ASSETCATALOG_COMPILER_GLOBAL_ACCENT_COLOR_NAME = AccentColor;
				CODE_SIGN_ENTITLEMENTS = Buzzquiz/Buzzquiz.entitlements;
				CODE_SIGN_STYLE = Automatic;
				COMBINE_HIDPI_IMAGES = YES;
				DEVELOPMENT_ASSET_PATHS = "\"Buzzquiz/Preview Content\"";
				DEVELOPMENT_TEAM = 9P8C6ZACEU;
				ENABLE_HARDENED_RUNTIME = YES;
				ENABLE_PREVIEWS = YES;
				INFOPLIST_FILE = Buzzquiz/Info.plist;
				LD_RUNPATH_SEARCH_PATHS = (
					"$(inherited)",
					"@executable_path/../Frameworks",
				);
				MACOSX_DEPLOYMENT_TARGET = 11.0;
				PRODUCT_BUNDLE_IDENTIFIER = com.jonathanhuston.Buzzquiz;
				PRODUCT_NAME = "$(TARGET_NAME)";
				SWIFT_VERSION = 5.0;
			};
			name = Debug;
		};
		15E236AA25935FD600324C8A /* Release */ = {
			isa = XCBuildConfiguration;
			buildSettings = {
				ASSETCATALOG_COMPILER_APPICON_NAME = AppIcon;
				ASSETCATALOG_COMPILER_GLOBAL_ACCENT_COLOR_NAME = AccentColor;
				CODE_SIGN_ENTITLEMENTS = Buzzquiz/Buzzquiz.entitlements;
				CODE_SIGN_STYLE = Automatic;
				COMBINE_HIDPI_IMAGES = YES;
				DEVELOPMENT_ASSET_PATHS = "\"Buzzquiz/Preview Content\"";
				DEVELOPMENT_TEAM = 9P8C6ZACEU;
				ENABLE_HARDENED_RUNTIME = YES;
				ENABLE_PREVIEWS = YES;
				INFOPLIST_FILE = Buzzquiz/Info.plist;
				LD_RUNPATH_SEARCH_PATHS = (
					"$(inherited)",
					"@executable_path/../Frameworks",
				);
				MACOSX_DEPLOYMENT_TARGET = 11.0;
				PRODUCT_BUNDLE_IDENTIFIER = com.jonathanhuston.Buzzquiz;
				PRODUCT_NAME = "$(TARGET_NAME)";
				SWIFT_VERSION = 5.0;
			};
			name = Release;
		};
/* End XCBuildConfiguration section */

/* Begin XCConfigurationList section */
		15E2369325935FD600324C8A /* Build configuration list for PBXProject "Buzzquiz" */ = {
			isa = XCConfigurationList;
			buildConfigurations = (
				15E236A625935FD600324C8A /* Debug */,
				15E236A725935FD600324C8A /* Release */,
			);
			defaultConfigurationIsVisible = 0;
			defaultConfigurationName = Release;
		};
		15E236A825935FD600324C8A /* Build configuration list for PBXNativeTarget "Buzzquiz" */ = {
			isa = XCConfigurationList;
			buildConfigurations = (
				15E236A925935FD600324C8A /* Debug */,
				15E236AA25935FD600324C8A /* Release */,
			);
			defaultConfigurationIsVisible = 0;
			defaultConfigurationName = Release;
		};
/* End XCConfigurationList section */
	};
	rootObject = 15E2369025935FD600324C8A /* Project object */;
}
